
Microsoft Visual Studio Solution File, Format Version 12.00
Project("{FAE04EC0-301F-11D3-BF4B-00C04F79EFBC}") = "ex00", "ex00\ex00.csproj", "{7D0CEBD2-DC86-4F47-A934-C96E0AD33BE9}"
EndProject
Project("{FAE04EC0-301F-11D3-BF4B-00C04F79EFBC}") = "ex01", "ex01\ex01.csproj", "{B7AF1F26-6B3C-4EC1-9A54-179E30672CDF}"
EndProject
Global
	GlobalSection(SolutionConfigurationPlatforms) = preSolution
		Debug|Any CPU = Debug|Any CPU
		Release|Any CPU = Release|Any CPU
	EndGlobalSection
	GlobalSection(ProjectConfigurationPlatforms) = postSolution
		{7D0CEBD2-DC86-4F47-A934-C96E0AD33BE9}.Debug|Any CPU.ActiveCfg = Debug|Any CPU
		{7D0CEBD2-DC86-4F47-A934-C96E0AD33BE9}.Debug|Any CPU.Build.0 = Debug|Any CPU
		{7D0CEBD2-DC86-4F47-A934-C96E0AD33BE9}.Release|Any CPU.ActiveCfg = Release|Any CPU
		{7D0CEBD2-DC86-4F47-A934-C96E0AD33BE9}.Release|Any CPU.Build.0 = Release|Any CPU
		{B7AF1F26-6B3C-4EC1-9A54-179E30672CDF}.Debug|Any CPU.ActiveCfg = Debug|Any CPU
		{B7AF1F26-6B3C-4EC1-9A54-179E30672CDF}.Debug|Any CPU.Build.0 = Debug|Any CPU
		{B7AF1F26-6B3C-4EC1-9A54-179E30672CDF}.Release|Any CPU.ActiveCfg = Release|Any CPU
		{B7AF1F26-6B3C-4EC1-9A54-179E30672CDF}.Release|Any CPU.Build.0 = Release|Any CPU
	EndGlobalSection
EndGlobal
